
Microsoft Visual Studio Solution File, Format Version 12.00
# Visual Studio Version 17
VisualStudioVersion = 17.2.32602.215
MinimumVisualStudioVersion = 10.0.40219.1
Project("{9A19103F-16F7-4668-BE54-9A1E7A4F7556}") = "Kyvos", "Kyvos.csproj", "{41530B29-9556-4A54-B1E2-FCB41392C20B}"
EndProject
Project("{9A19103F-16F7-4668-BE54-9A1E7A4F7556}") = "FullyAutomatedGayLuxurySpaceCommunism", "..\FullyAutomatedGayLuxurySpaceCommunism\FullyAutomatedGayLuxurySpaceCommunism.csproj", "{5894DBA1-51C9-4724-8F40-A349F80813D7}"
EndProject
Project("{9A19103F-16F7-4668-BE54-9A1E7A4F7556}") = "Kyvos.Maths", "..\Kyvos.Maths\Kyvos.Maths.csproj", "{14667D8F-1D32-428D-A347-0E599F4EF763}"
EndProject
Project("{9A19103F-16F7-4668-BE54-9A1E7A4F7556}") = "Kyvos.Maths.Benchmarks", "..\Kyvos.Maths.Benchmarks\Kyvos.Maths.Benchmarks.csproj", "{8D0E03A6-E983-40DB-9777-1088770D25C8}"
EndProject
Project("{9A19103F-16F7-4668-BE54-9A1E7A4F7556}") = "ValveSocketsServerTest", "..\ValveSocketsServerTest\ValveSocketsServerTest.csproj", "{AEACDFBD-EF64-4D6B-9865-32C85F731CE6}"
EndProject
Project("{9A19103F-16F7-4668-BE54-9A1E7A4F7556}") = "ValveSocketsClientTest", "..\ValveSocketsClientTest\ValveSocketsClientTest.csproj", "{4848D7A7-5327-4ABC-8A64-0B846F7DEC32}"
EndProject
Project("{9A19103F-16F7-4668-BE54-9A1E7A4F7556}") = "Kyvos.Networking", "..\Kyvos.Networking\Kyvos.Networking.csproj", "{CB28C964-8A59-449B-80FD-868E98844CB1}"
EndProject
Project("{9A19103F-16F7-4668-BE54-9A1E7A4F7556}") = "Kyvos.Utility", "..\Kyvos.Utility\Kyvos.Utility.csproj", "{711B6301-7A7D-40DE-B43C-85249ED392AB}"
EndProject
Project("{9A19103F-16F7-4668-BE54-9A1E7A4F7556}") = "Kyvos.Audio", "..\Kyvos.Audio\Kyvos.Audio.csproj", "{0618B67D-6E88-4997-BABC-5537F23D8384}"
EndProject
Project("{9A19103F-16F7-4668-BE54-9A1E7A4F7556}") = "Kyvos.ECS", "..\Kyvos.ECS\Kyvos.ECS.csproj", "{817DB63A-FA86-4D8A-8258-6E61276BAAEE}"
EndProject
Project("{9A19103F-16F7-4668-BE54-9A1E7A4F7556}") = "Kyvos.Core", "..\Kyvos.Core\Kyvos.Core.csproj", "{2C864288-F0F4-4781-B3A1-828B7895D385}"
EndProject
Project("{9A19103F-16F7-4668-BE54-9A1E7A4F7556}") = "Kyvos.GameStates", "..\Kyvos.GameStates\Kyvos.GameStates.csproj", "{338504C1-7DD5-45C8-9ED2-2371938609D0}"
EndProject
Project("{9A19103F-16F7-4668-BE54-9A1E7A4F7556}") = "Kyvos.VeldridIntegration", "..\Kyvos.Veldrid\Kyvos.VeldridIntegration.csproj", "{7BE5136F-9026-4E7E-915B-3500AA3D01C4}"
EndProject
Project("{9A19103F-16F7-4668-BE54-9A1E7A4F7556}") = "Kyvos.Input", "..\Kyvos.Input\Kyvos.Input.csproj", "{51C91E9A-41F0-4379-8030-207732CD4635}"
EndProject
Project("{9A19103F-16F7-4668-BE54-9A1E7A4F7556}") = "Kyvos.Graphics", "..\Kyvos.Graphics\Kyvos.Graphics.csproj", "{10415006-A9FD-4842-B5FF-690F4A052F3D}"
EndProject
Project("{9A19103F-16F7-4668-BE54-9A1E7A4F7556}") = "Kyvos.ImGUI", "..\Kyvos.ImGUI\Kyvos.ImGUI.csproj", "{2D3EEAC6-EF8A-4099-9439-7F779E0B153B}"
EndProject
Project("{FAE04EC0-301F-11D3-BF4B-00C04F79EFBC}") = "Kyvos.Tests", "..\Kyvos.Tests\Kyvos.Tests.csproj", "{4E947FC3-4A70-4512-9991-78EFED2A389C}"
EndProject
Global
	GlobalSection(SolutionConfigurationPlatforms) = preSolution
		Debug|Any CPU = Debug|Any CPU
		Debug|x64 = Debug|x64
		Debug|x86 = Debug|x86
		Release|Any CPU = Release|Any CPU
		Release|x64 = Release|x64
		Release|x86 = Release|x86
	EndGlobalSection
	GlobalSection(ProjectConfigurationPlatforms) = postSolution
		{41530B29-9556-4A54-B1E2-FCB41392C20B}.Debug|Any CPU.ActiveCfg = Debug|Any CPU
		{41530B29-9556-4A54-B1E2-FCB41392C20B}.Debug|Any CPU.Build.0 = Debug|Any CPU
		{41530B29-9556-4A54-B1E2-FCB41392C20B}.Debug|x64.ActiveCfg = Debug|Any CPU
		{41530B29-9556-4A54-B1E2-FCB41392C20B}.Debug|x64.Build.0 = Debug|Any CPU
		{41530B29-9556-4A54-B1E2-FCB41392C20B}.Debug|x86.ActiveCfg = Debug|Any CPU
		{41530B29-9556-4A54-B1E2-FCB41392C20B}.Debug|x86.Build.0 = Debug|Any CPU
		{41530B29-9556-4A54-B1E2-FCB41392C20B}.Release|Any CPU.ActiveCfg = Release|Any CPU
		{41530B29-9556-4A54-B1E2-FCB41392C20B}.Release|Any CPU.Build.0 = Release|Any CPU
		{41530B29-9556-4A54-B1E2-FCB41392C20B}.Release|x64.ActiveCfg = Release|Any CPU
		{41530B29-9556-4A54-B1E2-FCB41392C20B}.Release|x64.Build.0 = Release|Any CPU
		{41530B29-9556-4A54-B1E2-FCB41392C20B}.Release|x86.ActiveCfg = Release|Any CPU
		{41530B29-9556-4A54-B1E2-FCB41392C20B}.Release|x86.Build.0 = Release|Any CPU
		{5894DBA1-51C9-4724-8F40-A349F80813D7}.Debug|Any CPU.ActiveCfg = Debug|Any CPU
		{5894DBA1-51C9-4724-8F40-A349F80813D7}.Debug|Any CPU.Build.0 = Debug|Any CPU
		{5894DBA1-51C9-4724-8F40-A349F80813D7}.Debug|x64.ActiveCfg = Debug|Any CPU
		{5894DBA1-51C9-4724-8F40-A349F80813D7}.Debug|x64.Build.0 = Debug|Any CPU
		{5894DBA1-51C9-4724-8F40-A349F80813D7}.Debug|x86.ActiveCfg = Debug|Any CPU
		{5894DBA1-51C9-4724-8F40-A349F80813D7}.Debug|x86.Build.0 = Debug|Any CPU
		{5894DBA1-51C9-4724-8F40-A349F80813D7}.Release|Any CPU.ActiveCfg = Release|Any CPU
		{5894DBA1-51C9-4724-8F40-A349F80813D7}.Release|Any CPU.Build.0 = Release|Any CPU
		{5894DBA1-51C9-4724-8F40-A349F80813D7}.Release|x64.ActiveCfg = Release|Any CPU
		{5894DBA1-51C9-4724-8F40-A349F80813D7}.Release|x64.Build.0 = Release|Any CPU
		{5894DBA1-51C9-4724-8F40-A349F80813D7}.Release|x86.ActiveCfg = Release|Any CPU
		{5894DBA1-51C9-4724-8F40-A349F80813D7}.Release|x86.Build.0 = Release|Any CPU
		{14667D8F-1D32-428D-A347-0E599F4EF763}.Debug|Any CPU.ActiveCfg = Debug|Any CPU
		{14667D8F-1D32-428D-A347-0E599F4EF763}.Debug|Any CPU.Build.0 = Debug|Any CPU
		{14667D8F-1D32-428D-A347-0E599F4EF763}.Debug|x64.ActiveCfg = Debug|Any CPU
		{14667D8F-1D32-428D-A347-0E599F4EF763}.Debug|x64.Build.0 = Debug|Any CPU
		{14667D8F-1D32-428D-A347-0E599F4EF763}.Debug|x86.ActiveCfg = Debug|Any CPU
		{14667D8F-1D32-428D-A347-0E599F4EF763}.Debug|x86.Build.0 = Debug|Any CPU
		{14667D8F-1D32-428D-A347-0E599F4EF763}.Release|Any CPU.ActiveCfg = Release|Any CPU
		{14667D8F-1D32-428D-A347-0E599F4EF763}.Release|Any CPU.Build.0 = Release|Any CPU
		{14667D8F-1D32-428D-A347-0E599F4EF763}.Release|x64.ActiveCfg = Release|Any CPU
		{14667D8F-1D32-428D-A347-0E599F4EF763}.Release|x64.Build.0 = Release|Any CPU
		{14667D8F-1D32-428D-A347-0E599F4EF763}.Release|x86.ActiveCfg = Release|Any CPU
		{14667D8F-1D32-428D-A347-0E599F4EF763}.Release|x86.Build.0 = Release|Any CPU
		{8D0E03A6-E983-40DB-9777-1088770D25C8}.Debug|Any CPU.ActiveCfg = Debug|Any CPU
		{8D0E03A6-E983-40DB-9777-1088770D25C8}.Debug|Any CPU.Build.0 = Debug|Any CPU
		{8D0E03A6-E983-40DB-9777-1088770D25C8}.Debug|x64.ActiveCfg = Debug|Any CPU
		{8D0E03A6-E983-40DB-9777-1088770D25C8}.Debug|x64.Build.0 = Debug|Any CPU
		{8D0E03A6-E983-40DB-9777-1088770D25C8}.Debug|x86.ActiveCfg = Debug|Any CPU
		{8D0E03A6-E983-40DB-9777-1088770D25C8}.Debug|x86.Build.0 = Debug|Any CPU
		{8D0E03A6-E983-40DB-9777-1088770D25C8}.Release|Any CPU.ActiveCfg = Release|Any CPU
		{8D0E03A6-E983-40DB-9777-1088770D25C8}.Release|Any CPU.Build.0 = Release|Any CPU
		{8D0E03A6-E983-40DB-9777-1088770D25C8}.Release|x64.ActiveCfg = Release|Any CPU
		{8D0E03A6-E983-40DB-9777-1088770D25C8}.Release|x64.Build.0 = Release|Any CPU
		{8D0E03A6-E983-40DB-9777-1088770D25C8}.Release|x86.ActiveCfg = Release|Any CPU
		{8D0E03A6-E983-40DB-9777-1088770D25C8}.Release|x86.Build.0 = Release|Any CPU
		{AEACDFBD-EF64-4D6B-9865-32C85F731CE6}.Debug|Any CPU.ActiveCfg = Debug|Any CPU
		{AEACDFBD-EF64-4D6B-9865-32C85F731CE6}.Debug|Any CPU.Build.0 = Debug|Any CPU
		{AEACDFBD-EF64-4D6B-9865-32C85F731CE6}.Debug|x64.ActiveCfg = Debug|Any CPU
		{AEACDFBD-EF64-4D6B-9865-32C85F731CE6}.Debug|x64.Build.0 = Debug|Any CPU
		{AEACDFBD-EF64-4D6B-9865-32C85F731CE6}.Debug|x86.ActiveCfg = Debug|Any CPU
		{AEACDFBD-EF64-4D6B-9865-32C85F731CE6}.Debug|x86.Build.0 = Debug|Any CPU
		{AEACDFBD-EF64-4D6B-9865-32C85F731CE6}.Release|Any CPU.ActiveCfg = Release|Any CPU
		{AEACDFBD-EF64-4D6B-9865-32C85F731CE6}.Release|Any CPU.Build.0 = Release|Any CPU
		{AEACDFBD-EF64-4D6B-9865-32C85F731CE6}.Release|x64.ActiveCfg = Release|Any CPU
		{AEACDFBD-EF64-4D6B-9865-32C85F731CE6}.Release|x64.Build.0 = Release|Any CPU
		{AEACDFBD-EF64-4D6B-9865-32C85F731CE6}.Release|x86.ActiveCfg = Release|Any CPU
		{AEACDFBD-EF64-4D6B-9865-32C85F731CE6}.Release|x86.Build.0 = Release|Any CPU
		{4848D7A7-5327-4ABC-8A64-0B846F7DEC32}.Debug|Any CPU.ActiveCfg = Debug|Any CPU
		{4848D7A7-5327-4ABC-8A64-0B846F7DEC32}.Debug|Any CPU.Build.0 = Debug|Any CPU
		{4848D7A7-5327-4ABC-8A64-0B846F7DEC32}.Debug|x64.ActiveCfg = Debug|Any CPU
		{4848D7A7-5327-4ABC-8A64-0B846F7DEC32}.Debug|x64.Build.0 = Debug|Any CPU
		{4848D7A7-5327-4ABC-8A64-0B846F7DEC32}.Debug|x86.ActiveCfg = Debug|Any CPU
		{4848D7A7-5327-4ABC-8A64-0B846F7DEC32}.Debug|x86.Build.0 = Debug|Any CPU
		{4848D7A7-5327-4ABC-8A64-0B846F7DEC32}.Release|Any CPU.ActiveCfg = Release|Any CPU
		{4848D7A7-5327-4ABC-8A64-0B846F7DEC32}.Release|Any CPU.Build.0 = Release|Any CPU
		{4848D7A7-5327-4ABC-8A64-0B846F7DEC32}.Release|x64.ActiveCfg = Release|Any CPU
		{4848D7A7-5327-4ABC-8A64-0B846F7DEC32}.Release|x64.Build.0 = Release|Any CPU
		{4848D7A7-5327-4ABC-8A64-0B846F7DEC32}.Release|x86.ActiveCfg = Release|Any CPU
		{4848D7A7-5327-4ABC-8A64-0B846F7DEC32}.Release|x86.Build.0 = Release|Any CPU
		{CB28C964-8A59-449B-80FD-868E98844CB1}.Debug|Any CPU.ActiveCfg = Debug|Any CPU
		{CB28C964-8A59-449B-80FD-868E98844CB1}.Debug|Any CPU.Build.0 = Debug|Any CPU
		{CB28C964-8A59-449B-80FD-868E98844CB1}.Debug|x64.ActiveCfg = Debug|Any CPU
		{CB28C964-8A59-449B-80FD-868E98844CB1}.Debug|x64.Build.0 = Debug|Any CPU
		{CB28C964-8A59-449B-80FD-868E98844CB1}.Debug|x86.ActiveCfg = Debug|Any CPU
		{CB28C964-8A59-449B-80FD-868E98844CB1}.Debug|x86.Build.0 = Debug|Any CPU
		{CB28C964-8A59-449B-80FD-868E98844CB1}.Release|Any CPU.ActiveCfg = Release|Any CPU
		{CB28C964-8A59-449B-80FD-868E98844CB1}.Release|Any CPU.Build.0 = Release|Any CPU
		{CB28C964-8A59-449B-80FD-868E98844CB1}.Release|x64.ActiveCfg = Release|Any CPU
		{CB28C964-8A59-449B-80FD-868E98844CB1}.Release|x64.Build.0 = Release|Any CPU
		{CB28C964-8A59-449B-80FD-868E98844CB1}.Release|x86.ActiveCfg = Release|Any CPU
		{CB28C964-8A59-449B-80FD-868E98844CB1}.Release|x86.Build.0 = Release|Any CPU
		{711B6301-7A7D-40DE-B43C-85249ED392AB}.Debug|Any CPU.ActiveCfg = Debug|Any CPU
		{711B6301-7A7D-40DE-B43C-85249ED392AB}.Debug|Any CPU.Build.0 = Debug|Any CPU
		{711B6301-7A7D-40DE-B43C-85249ED392AB}.Debug|x64.ActiveCfg = Debug|Any CPU
		{711B6301-7A7D-40DE-B43C-85249ED392AB}.Debug|x64.Build.0 = Debug|Any CPU
		{711B6301-7A7D-40DE-B43C-85249ED392AB}.Debug|x86.ActiveCfg = Debug|Any CPU
		{711B6301-7A7D-40DE-B43C-85249ED392AB}.Debug|x86.Build.0 = Debug|Any CPU
		{711B6301-7A7D-40DE-B43C-85249ED392AB}.Release|Any CPU.ActiveCfg = Release|Any CPU
		{711B6301-7A7D-40DE-B43C-85249ED392AB}.Release|Any CPU.Build.0 = Release|Any CPU
		{711B6301-7A7D-40DE-B43C-85249ED392AB}.Release|x64.ActiveCfg = Release|Any CPU
		{711B6301-7A7D-40DE-B43C-85249ED392AB}.Release|x64.Build.0 = Release|Any CPU
		{711B6301-7A7D-40DE-B43C-85249ED392AB}.Release|x86.ActiveCfg = Release|Any CPU
		{711B6301-7A7D-40DE-B43C-85249ED392AB}.Release|x86.Build.0 = Release|Any CPU
		{0618B67D-6E88-4997-BABC-5537F23D8384}.Debug|Any CPU.ActiveCfg = Debug|Any CPU
		{0618B67D-6E88-4997-BABC-5537F23D8384}.Debug|Any CPU.Build.0 = Debug|Any CPU
		{0618B67D-6E88-4997-BABC-5537F23D8384}.Debug|x64.ActiveCfg = Debug|Any CPU
		{0618B67D-6E88-4997-BABC-5537F23D8384}.Debug|x64.Build.0 = Debug|Any CPU
		{0618B67D-6E88-4997-BABC-5537F23D8384}.Debug|x86.ActiveCfg = Debug|Any CPU
		{0618B67D-6E88-4997-BABC-5537F23D8384}.Debug|x86.Build.0 = Debug|Any CPU
		{0618B67D-6E88-4997-BABC-5537F23D8384}.Release|Any CPU.ActiveCfg = Release|Any CPU
		{0618B67D-6E88-4997-BABC-5537F23D8384}.Release|Any CPU.Build.0 = Release|Any CPU
		{0618B67D-6E88-4997-BABC-5537F23D8384}.Release|x64.ActiveCfg = Release|Any CPU
		{0618B67D-6E88-4997-BABC-5537F23D8384}.Release|x64.Build.0 = Release|Any CPU
		{0618B67D-6E88-4997-BABC-5537F23D8384}.Release|x86.ActiveCfg = Release|Any CPU
		{0618B67D-6E88-4997-BABC-5537F23D8384}.Release|x86.Build.0 = Release|Any CPU
		{817DB63A-FA86-4D8A-8258-6E61276BAAEE}.Debug|Any CPU.ActiveCfg = Debug|Any CPU
		{817DB63A-FA86-4D8A-8258-6E61276BAAEE}.Debug|Any CPU.Build.0 = Debug|Any CPU
		{817DB63A-FA86-4D8A-8258-6E61276BAAEE}.Debug|x64.ActiveCfg = Debug|Any CPU
		{817DB63A-FA86-4D8A-8258-6E61276BAAEE}.Debug|x64.Build.0 = Debug|Any CPU
		{817DB63A-FA86-4D8A-8258-6E61276BAAEE}.Debug|x86.ActiveCfg = Debug|Any CPU
		{817DB63A-FA86-4D8A-8258-6E61276BAAEE}.Debug|x86.Build.0 = Debug|Any CPU
		{817DB63A-FA86-4D8A-8258-6E61276BAAEE}.Release|Any CPU.ActiveCfg = Release|Any CPU
		{817DB63A-FA86-4D8A-8258-6E61276BAAEE}.Release|Any CPU.Build.0 = Release|Any CPU
		{817DB63A-FA86-4D8A-8258-6E61276BAAEE}.Release|x64.ActiveCfg = Release|Any CPU
		{817DB63A-FA86-4D8A-8258-6E61276BAAEE}.Release|x64.Build.0 = Release|Any CPU
		{817DB63A-FA86-4D8A-8258-6E61276BAAEE}.Release|x86.ActiveCfg = Release|Any CPU
		{817DB63A-FA86-4D8A-8258-6E61276BAAEE}.Release|x86.Build.0 = Release|Any CPU
		{2C864288-F0F4-4781-B3A1-828B7895D385}.Debug|Any CPU.ActiveCfg = Debug|Any CPU
		{2C864288-F0F4-4781-B3A1-828B7895D385}.Debug|Any CPU.Build.0 = Debug|Any CPU
		{2C864288-F0F4-4781-B3A1-828B7895D385}.Debug|x64.ActiveCfg = Debug|Any CPU
		{2C864288-F0F4-4781-B3A1-828B7895D385}.Debug|x64.Build.0 = Debug|Any CPU
		{2C864288-F0F4-4781-B3A1-828B7895D385}.Debug|x86.ActiveCfg = Debug|Any CPU
		{2C864288-F0F4-4781-B3A1-828B7895D385}.Debug|x86.Build.0 = Debug|Any CPU
		{2C864288-F0F4-4781-B3A1-828B7895D385}.Release|Any CPU.ActiveCfg = Release|Any CPU
		{2C864288-F0F4-4781-B3A1-828B7895D385}.Release|Any CPU.Build.0 = Release|Any CPU
		{2C864288-F0F4-4781-B3A1-828B7895D385}.Release|x64.ActiveCfg = Release|Any CPU
		{2C864288-F0F4-4781-B3A1-828B7895D385}.Release|x64.Build.0 = Release|Any CPU
		{2C864288-F0F4-4781-B3A1-828B7895D385}.Release|x86.ActiveCfg = Release|Any CPU
		{2C864288-F0F4-4781-B3A1-828B7895D385}.Release|x86.Build.0 = Release|Any CPU
		{338504C1-7DD5-45C8-9ED2-2371938609D0}.Debug|Any CPU.ActiveCfg = Debug|Any CPU
		{338504C1-7DD5-45C8-9ED2-2371938609D0}.Debug|Any CPU.Build.0 = Debug|Any CPU
		{338504C1-7DD5-45C8-9ED2-2371938609D0}.Debug|x64.ActiveCfg = Debug|Any CPU
		{338504C1-7DD5-45C8-9ED2-2371938609D0}.Debug|x64.Build.0 = Debug|Any CPU
		{338504C1-7DD5-45C8-9ED2-2371938609D0}.Debug|x86.ActiveCfg = Debug|Any CPU
		{338504C1-7DD5-45C8-9ED2-2371938609D0}.Debug|x86.Build.0 = Debug|Any CPU
		{338504C1-7DD5-45C8-9ED2-2371938609D0}.Release|Any CPU.ActiveCfg = Release|Any CPU
		{338504C1-7DD5-45C8-9ED2-2371938609D0}.Release|Any CPU.Build.0 = Release|Any CPU
		{338504C1-7DD5-45C8-9ED2-2371938609D0}.Release|x64.ActiveCfg = Release|Any CPU
		{338504C1-7DD5-45C8-9ED2-2371938609D0}.Release|x64.Build.0 = Release|Any CPU
		{338504C1-7DD5-45C8-9ED2-2371938609D0}.Release|x86.ActiveCfg = Release|Any CPU
		{338504C1-7DD5-45C8-9ED2-2371938609D0}.Release|x86.Build.0 = Release|Any CPU
		{7BE5136F-9026-4E7E-915B-3500AA3D01C4}.Debug|Any CPU.ActiveCfg = Debug|Any CPU
		{7BE5136F-9026-4E7E-915B-3500AA3D01C4}.Debug|Any CPU.Build.0 = Debug|Any CPU
		{7BE5136F-9026-4E7E-915B-3500AA3D01C4}.Debug|x64.ActiveCfg = Debug|Any CPU
		{7BE5136F-9026-4E7E-915B-3500AA3D01C4}.Debug|x64.Build.0 = Debug|Any CPU
		{7BE5136F-9026-4E7E-915B-3500AA3D01C4}.Debug|x86.ActiveCfg = Debug|Any CPU
		{7BE5136F-9026-4E7E-915B-3500AA3D01C4}.Debug|x86.Build.0 = Debug|Any CPU
		{7BE5136F-9026-4E7E-915B-3500AA3D01C4}.Release|Any CPU.ActiveCfg = Release|Any CPU
		{7BE5136F-9026-4E7E-915B-3500AA3D01C4}.Release|Any CPU.Build.0 = Release|Any CPU
		{7BE5136F-9026-4E7E-915B-3500AA3D01C4}.Release|x64.ActiveCfg = Release|Any CPU
		{7BE5136F-9026-4E7E-915B-3500AA3D01C4}.Release|x64.Build.0 = Release|Any CPU
		{7BE5136F-9026-4E7E-915B-3500AA3D01C4}.Release|x86.ActiveCfg = Release|Any CPU
		{7BE5136F-9026-4E7E-915B-3500AA3D01C4}.Release|x86.Build.0 = Release|Any CPU
		{51C91E9A-41F0-4379-8030-207732CD4635}.Debug|Any CPU.ActiveCfg = Debug|Any CPU
		{51C91E9A-41F0-4379-8030-207732CD4635}.Debug|Any CPU.Build.0 = Debug|Any CPU
		{51C91E9A-41F0-4379-8030-207732CD4635}.Debug|x64.ActiveCfg = Debug|Any CPU
		{51C91E9A-41F0-4379-8030-207732CD4635}.Debug|x64.Build.0 = Debug|Any CPU
		{51C91E9A-41F0-4379-8030-207732CD4635}.Debug|x86.ActiveCfg = Debug|Any CPU
		{51C91E9A-41F0-4379-8030-207732CD4635}.Debug|x86.Build.0 = Debug|Any CPU
		{51C91E9A-41F0-4379-8030-207732CD4635}.Release|Any CPU.ActiveCfg = Release|Any CPU
		{51C91E9A-41F0-4379-8030-207732CD4635}.Release|Any CPU.Build.0 = Release|Any CPU
		{51C91E9A-41F0-4379-8030-207732CD4635}.Release|x64.ActiveCfg = Release|Any CPU
		{51C91E9A-41F0-4379-8030-207732CD4635}.Release|x64.Build.0 = Release|Any CPU
		{51C91E9A-41F0-4379-8030-207732CD4635}.Release|x86.ActiveCfg = Release|Any CPU
		{51C91E9A-41F0-4379-8030-207732CD4635}.Release|x86.Build.0 = Release|Any CPU
		{10415006-A9FD-4842-B5FF-690F4A052F3D}.Debug|Any CPU.ActiveCfg = Debug|Any CPU
		{10415006-A9FD-4842-B5FF-690F4A052F3D}.Debug|Any CPU.Build.0 = Debug|Any CPU
		{10415006-A9FD-4842-B5FF-690F4A052F3D}.Debug|x64.ActiveCfg = Debug|Any CPU
		{10415006-A9FD-4842-B5FF-690F4A052F3D}.Debug|x64.Build.0 = Debug|Any CPU
		{10415006-A9FD-4842-B5FF-690F4A052F3D}.Debug|x86.ActiveCfg = Debug|Any CPU
		{10415006-A9FD-4842-B5FF-690F4A052F3D}.Debug|x86.Build.0 = Debug|Any CPU
		{10415006-A9FD-4842-B5FF-690F4A052F3D}.Release|Any CPU.ActiveCfg = Release|Any CPU
		{10415006-A9FD-4842-B5FF-690F4A052F3D}.Release|Any CPU.Build.0 = Release|Any CPU
		{10415006-A9FD-4842-B5FF-690F4A052F3D}.Release|x64.ActiveCfg = Release|Any CPU
		{10415006-A9FD-4842-B5FF-690F4A052F3D}.Release|x64.Build.0 = Release|Any CPU
		{10415006-A9FD-4842-B5FF-690F4A052F3D}.Release|x86.ActiveCfg = Release|Any CPU
		{10415006-A9FD-4842-B5FF-690F4A052F3D}.Release|x86.Build.0 = Release|Any CPU
		{2D3EEAC6-EF8A-4099-9439-7F779E0B153B}.Debug|Any CPU.ActiveCfg = Debug|Any CPU
		{2D3EEAC6-EF8A-4099-9439-7F779E0B153B}.Debug|Any CPU.Build.0 = Debug|Any CPU
		{2D3EEAC6-EF8A-4099-9439-7F779E0B153B}.Debug|x64.ActiveCfg = Debug|Any CPU
		{2D3EEAC6-EF8A-4099-9439-7F779E0B153B}.Debug|x64.Build.0 = Debug|Any CPU
		{2D3EEAC6-EF8A-4099-9439-7F779E0B153B}.Debug|x86.ActiveCfg = Debug|Any CPU
		{2D3EEAC6-EF8A-4099-9439-7F779E0B153B}.Debug|x86.Build.0 = Debug|Any CPU
		{2D3EEAC6-EF8A-4099-9439-7F779E0B153B}.Release|Any CPU.ActiveCfg = Release|Any CPU
		{2D3EEAC6-EF8A-4099-9439-7F779E0B153B}.Release|Any CPU.Build.0 = Release|Any CPU
		{2D3EEAC6-EF8A-4099-9439-7F779E0B153B}.Release|x64.ActiveCfg = Release|Any CPU
		{2D3EEAC6-EF8A-4099-9439-7F779E0B153B}.Release|x64.Build.0 = Release|Any CPU
		{2D3EEAC6-EF8A-4099-9439-7F779E0B153B}.Release|x86.ActiveCfg = Release|Any CPU
		{2D3EEAC6-EF8A-4099-9439-7F779E0B153B}.Release|x86.Build.0 = Release|Any CPU
		{4E947FC3-4A70-4512-9991-78EFED2A389C}.Debug|Any CPU.ActiveCfg = Debug|Any CPU
		{4E947FC3-4A70-4512-9991-78EFED2A389C}.Debug|Any CPU.Build.0 = Debug|Any CPU
		{4E947FC3-4A70-4512-9991-78EFED2A389C}.Debug|x64.ActiveCfg = Debug|Any CPU
		{4E947FC3-4A70-4512-9991-78EFED2A389C}.Debug|x64.Build.0 = Debug|Any CPU
		{4E947FC3-4A70-4512-9991-78EFED2A389C}.Debug|x86.ActiveCfg = Debug|Any CPU
		{4E947FC3-4A70-4512-9991-78EFED2A389C}.Debug|x86.Build.0 = Debug|Any CPU
		{4E947FC3-4A70-4512-9991-78EFED2A389C}.Release|Any CPU.ActiveCfg = Release|Any CPU
		{4E947FC3-4A70-4512-9991-78EFED2A389C}.Release|Any CPU.Build.0 = Release|Any CPU
		{4E947FC3-4A70-4512-9991-78EFED2A389C}.Release|x64.ActiveCfg = Release|Any CPU
		{4E947FC3-4A70-4512-9991-78EFED2A389C}.Release|x64.Build.0 = Release|Any CPU
		{4E947FC3-4A70-4512-9991-78EFED2A389C}.Release|x86.ActiveCfg = Release|Any CPU
		{4E947FC3-4A70-4512-9991-78EFED2A389C}.Release|x86.Build.0 = Release|Any CPU
	EndGlobalSection
	GlobalSection(SolutionProperties) = preSolution
		HideSolutionNode = FALSE
	EndGlobalSection
	GlobalSection(ExtensibilityGlobals) = postSolution
		SolutionGuid = {9E1FEFF2-C089-4F78-A4C0-A1CBAFD30DF8}
	EndGlobalSection
EndGlobal
